
Microsoft Visual Studio Solution File, Format Version 12.00
# Visual Studio 15
VisualStudioVersion = 15.0.26730.16
MinimumVisualStudioVersion = 10.0.40219.1
Project("{FAE04EC0-301F-11D3-BF4B-00C04F79EFBC}") = "StatisticsCalculator.API", "StatisticsCalculator.API\StatisticsCalculator.API.csproj", "{EC17DB22-3717-4F94-A83F-C0DB58D31225}"
EndProject
Project("{FAE04EC0-301F-11D3-BF4B-00C04F79EFBC}") = "StatisticsCalculator.API.Tests", "StatisticsCalculator.API.Tests\StatisticsCalculator.API.Tests.csproj", "{A0B4787F-28CE-4C05-923E-E2688DF0D849}"
EndProject
Global
	GlobalSection(SolutionConfigurationPlatforms) = preSolution
		Debug|Any CPU = Debug|Any CPU
		Release|Any CPU = Release|Any CPU
	EndGlobalSection
	GlobalSection(ProjectConfigurationPlatforms) = postSolution
		{EC17DB22-3717-4F94-A83F-C0DB58D31225}.Debug|Any CPU.ActiveCfg = Debug|Any CPU
		{EC17DB22-3717-4F94-A83F-C0DB58D31225}.Debug|Any CPU.Build.0 = Debug|Any CPU
		{EC17DB22-3717-4F94-A83F-C0DB58D31225}.Release|Any CPU.ActiveCfg = Release|Any CPU
		{EC17DB22-3717-4F94-A83F-C0DB58D31225}.Release|Any CPU.Build.0 = Release|Any CPU
		{A0B4787F-28CE-4C05-923E-E2688DF0D849}.Debug|Any CPU.ActiveCfg = Debug|Any CPU
		{A0B4787F-28CE-4C05-923E-E2688DF0D849}.Debug|Any CPU.Build.0 = Debug|Any CPU
		{A0B4787F-28CE-4C05-923E-E2688DF0D849}.Release|Any CPU.ActiveCfg = Release|Any CPU
		{A0B4787F-28CE-4C05-923E-E2688DF0D849}.Release|Any CPU.Build.0 = Release|Any CPU
	EndGlobalSection
	GlobalSection(SolutionProperties) = preSolution
		HideSolutionNode = FALSE
	EndGlobalSection
	GlobalSection(ExtensibilityGlobals) = postSolution
		SolutionGuid = {7E23DF6C-2BC0-44E8-AB85-ACD7ED6E3163}
	EndGlobalSection
EndGlobal
