
Microsoft Visual Studio Solution File, Format Version 12.00
# Visual Studio 15
VisualStudioVersion = 15.0.26730.16
MinimumVisualStudioVersion = 10.0.40219.1
Project("{FAE04EC0-301F-11D3-BF4B-00C04F79EFBC}") = "StatisticsCalculator.API", "StatisticsCalculator.API\StatisticsCalculator.API.csproj", "{5B0905B0-54D0-4110-BAB5-52A0996D5185}"
EndProject
Project("{FAE04EC0-301F-11D3-BF4B-00C04F79EFBC}") = "StatisticsCalculator.API.Tests", "StatisticsCalculator.API.Tests\StatisticsCalculator.API.Tests.csproj", "{417395D0-A8FD-459F-B4D5-E1053EE1D2EE}"
EndProject
Project("{FAE04EC0-301F-11D3-BF4B-00C04F79EFBC}") = "StatisticsCalculator.Common", "StatisticsCalculator.Common\StatisticsCalculator.Common.csproj", "{41C762D7-17B2-4CF6-9785-863C2CF56832}"
EndProject
Project("{FAE04EC0-301F-11D3-BF4B-00C04F79EFBC}") = "StatisticsCalculator.Data", "StatisticsCalculator.Data\StatisticsCalculator.Data.csproj", "{FD66B947-94AB-4838-879D-33DF8C08C9B3}"
EndProject
Project("{FAE04EC0-301F-11D3-BF4B-00C04F79EFBC}") = "StatisticsCalculator.Common.Tests", "StatisticsCalculator.Common.Tests\StatisticsCalculator.Common.Tests.csproj", "{51D632A0-ADE5-4E43-8EBD-9D860C4F1D68}"
EndProject
Project("{FAE04EC0-301F-11D3-BF4B-00C04F79EFBC}") = "StatisticsCalculator.Entities", "StatisticsCalculator.Entities\StatisticsCalculator.Entities.csproj", "{905BD911-BD31-41FF-AAE7-3EE61784907C}"
EndProject
Global
	GlobalSection(SolutionConfigurationPlatforms) = preSolution
		Debug|Any CPU = Debug|Any CPU
		Release|Any CPU = Release|Any CPU
	EndGlobalSection
	GlobalSection(ProjectConfigurationPlatforms) = postSolution
		{5B0905B0-54D0-4110-BAB5-52A0996D5185}.Debug|Any CPU.ActiveCfg = Debug|Any CPU
		{5B0905B0-54D0-4110-BAB5-52A0996D5185}.Debug|Any CPU.Build.0 = Debug|Any CPU
		{5B0905B0-54D0-4110-BAB5-52A0996D5185}.Release|Any CPU.ActiveCfg = Release|Any CPU
		{5B0905B0-54D0-4110-BAB5-52A0996D5185}.Release|Any CPU.Build.0 = Release|Any CPU
		{417395D0-A8FD-459F-B4D5-E1053EE1D2EE}.Debug|Any CPU.ActiveCfg = Debug|Any CPU
		{417395D0-A8FD-459F-B4D5-E1053EE1D2EE}.Debug|Any CPU.Build.0 = Debug|Any CPU
		{417395D0-A8FD-459F-B4D5-E1053EE1D2EE}.Release|Any CPU.ActiveCfg = Release|Any CPU
		{417395D0-A8FD-459F-B4D5-E1053EE1D2EE}.Release|Any CPU.Build.0 = Release|Any CPU
		{41C762D7-17B2-4CF6-9785-863C2CF56832}.Debug|Any CPU.ActiveCfg = Debug|Any CPU
		{41C762D7-17B2-4CF6-9785-863C2CF56832}.Debug|Any CPU.Build.0 = Debug|Any CPU
		{41C762D7-17B2-4CF6-9785-863C2CF56832}.Release|Any CPU.ActiveCfg = Release|Any CPU
		{41C762D7-17B2-4CF6-9785-863C2CF56832}.Release|Any CPU.Build.0 = Release|Any CPU
		{FD66B947-94AB-4838-879D-33DF8C08C9B3}.Debug|Any CPU.ActiveCfg = Debug|Any CPU
		{FD66B947-94AB-4838-879D-33DF8C08C9B3}.Debug|Any CPU.Build.0 = Debug|Any CPU
		{FD66B947-94AB-4838-879D-33DF8C08C9B3}.Release|Any CPU.ActiveCfg = Release|Any CPU
		{FD66B947-94AB-4838-879D-33DF8C08C9B3}.Release|Any CPU.Build.0 = Release|Any CPU
		{51D632A0-ADE5-4E43-8EBD-9D860C4F1D68}.Debug|Any CPU.ActiveCfg = Debug|Any CPU
		{51D632A0-ADE5-4E43-8EBD-9D860C4F1D68}.Debug|Any CPU.Build.0 = Debug|Any CPU
		{51D632A0-ADE5-4E43-8EBD-9D860C4F1D68}.Release|Any CPU.ActiveCfg = Release|Any CPU
		{51D632A0-ADE5-4E43-8EBD-9D860C4F1D68}.Release|Any CPU.Build.0 = Release|Any CPU
		{905BD911-BD31-41FF-AAE7-3EE61784907C}.Debug|Any CPU.ActiveCfg = Debug|Any CPU
		{905BD911-BD31-41FF-AAE7-3EE61784907C}.Debug|Any CPU.Build.0 = Debug|Any CPU
		{905BD911-BD31-41FF-AAE7-3EE61784907C}.Release|Any CPU.ActiveCfg = Release|Any CPU
		{905BD911-BD31-41FF-AAE7-3EE61784907C}.Release|Any CPU.Build.0 = Release|Any CPU
	EndGlobalSection
	GlobalSection(SolutionProperties) = preSolution
		HideSolutionNode = FALSE
	EndGlobalSection
	GlobalSection(ExtensibilityGlobals) = postSolution
		SolutionGuid = {4F74432F-21A7-4D9E-8BC4-3E714E75DF0E}
	EndGlobalSection
EndGlobal
